// !$*UTF8*$!
{
	archiveVersion = 1;
	classes = {
	};
	objectVersion = 56;
	objects = {

/* Begin PBXBuildFile section */
		18092FD8299BFA1800F3EB95 /* HeaderView.swift in Sources */ = {isa = PBXBuildFile; fileRef = 18092FD7299BFA1800F3EB95 /* HeaderView.swift */; };
		182619252998A4A700022543 /* AvocadosApp.swift in Sources */ = {isa = PBXBuildFile; fileRef = 182619242998A4A700022543 /* AvocadosApp.swift */; };
		182619272998A4A700022543 /* ContentView.swift in Sources */ = {isa = PBXBuildFile; fileRef = 182619262998A4A700022543 /* ContentView.swift */; };
		182619292998A4A900022543 /* Assets.xcassets in Resources */ = {isa = PBXBuildFile; fileRef = 182619282998A4A900022543 /* Assets.xcassets */; };
		1826192C2998A4A900022543 /* Preview Assets.xcassets in Resources */ = {isa = PBXBuildFile; fileRef = 1826192B2998A4A900022543 /* Preview Assets.xcassets */; };
		182619372998ADCB00022543 /* AvocadosView.swift in Sources */ = {isa = PBXBuildFile; fileRef = 182619362998ADCB00022543 /* AvocadosView.swift */; };
		182619392998ADE600022543 /* RipeningStagingView.swift in Sources */ = {isa = PBXBuildFile; fileRef = 182619382998ADE600022543 /* RipeningStagingView.swift */; };
		1826193B2998ADF600022543 /* SettngsView.swift in Sources */ = {isa = PBXBuildFile; fileRef = 1826193A2998ADF600022543 /* SettngsView.swift */; };
		1826193D2998AE0100022543 /* AppView.swift in Sources */ = {isa = PBXBuildFile; fileRef = 1826193C2998AE0100022543 /* AppView.swift */; };
		1831E7D9299E6D6B00FF80F3 /* DishesView.swift in Sources */ = {isa = PBXBuildFile; fileRef = 1831E7D8299E6D6B00FF80F3 /* DishesView.swift */; };
		18B197E4299FAF5B007439A0 /* FactsView.swift in Sources */ = {isa = PBXBuildFile; fileRef = 18B197E3299FAF5B007439A0 /* FactsView.swift */; };
		18B197E6299FB35E007439A0 /* FactModel.swift in Sources */ = {isa = PBXBuildFile; fileRef = 18B197E5299FB35E007439A0 /* FactModel.swift */; };
		18B197E8299FB38B007439A0 /* FactData.swift in Sources */ = {isa = PBXBuildFile; fileRef = 18B197E7299FB38B007439A0 /* FactData.swift */; };
		18E99FBE299CB30C00E22888 /* HeaderModel.swift in Sources */ = {isa = PBXBuildFile; fileRef = 18E99FBD299CB30C00E22888 /* HeaderModel.swift */; };
		18E99FC0299CB36500E22888 /* HeaderData.swift in Sources */ = {isa = PBXBuildFile; fileRef = 18E99FBF299CB36500E22888 /* HeaderData.swift */; };
/* End PBXBuildFile section */

/* Begin PBXFileReference section */
		18092FD7299BFA1800F3EB95 /* HeaderView.swift */ = {isa = PBXFileReference; lastKnownFileType = sourcecode.swift; path = HeaderView.swift; sourceTree = "<group>"; };
		182619212998A4A700022543 /* Avocados.app */ = {isa = PBXFileReference; explicitFileType = wrapper.application; includeInIndex = 0; path = Avocados.app; sourceTree = BUILT_PRODUCTS_DIR; };
		182619242998A4A700022543 /* AvocadosApp.swift */ = {isa = PBXFileReference; lastKnownFileType = sourcecode.swift; path = AvocadosApp.swift; sourceTree = "<group>"; };
		182619262998A4A700022543 /* ContentView.swift */ = {isa = PBXFileReference; lastKnownFileType = sourcecode.swift; path = ContentView.swift; sourceTree = "<group>"; };
		182619282998A4A900022543 /* Assets.xcassets */ = {isa = PBXFileReference; lastKnownFileType = folder.assetcatalog; path = Assets.xcassets; sourceTree = "<group>"; };
		1826192B2998A4A900022543 /* Preview Assets.xcassets */ = {isa = PBXFileReference; lastKnownFileType = folder.assetcatalog; path = "Preview Assets.xcassets"; sourceTree = "<group>"; };
		182619322998ABA200022543 /* Info.plist */ = {isa = PBXFileReference; lastKnownFileType = text.plist; path = Info.plist; sourceTree = "<group>"; };
		182619362998ADCB00022543 /* AvocadosView.swift */ = {isa = PBXFileReference; lastKnownFileType = sourcecode.swift; path = AvocadosView.swift; sourceTree = "<group>"; };
		182619382998ADE600022543 /* RipeningStagingView.swift */ = {isa = PBXFileReference; lastKnownFileType = sourcecode.swift; path = RipeningStagingView.swift; sourceTree = "<group>"; };
		1826193A2998ADF600022543 /* SettngsView.swift */ = {isa = PBXFileReference; lastKnownFileType = sourcecode.swift; path = SettngsView.swift; sourceTree = "<group>"; };
		1826193C2998AE0100022543 /* AppView.swift */ = {isa = PBXFileReference; lastKnownFileType = sourcecode.swift; path = AppView.swift; sourceTree = "<group>"; };
		1831E7D8299E6D6B00FF80F3 /* DishesView.swift */ = {isa = PBXFileReference; lastKnownFileType = sourcecode.swift; path = DishesView.swift; sourceTree = "<group>"; };
		18B197E3299FAF5B007439A0 /* FactsView.swift */ = {isa = PBXFileReference; lastKnownFileType = sourcecode.swift; path = FactsView.swift; sourceTree = "<group>"; };
		18B197E5299FB35E007439A0 /* FactModel.swift */ = {isa = PBXFileReference; lastKnownFileType = sourcecode.swift; path = FactModel.swift; sourceTree = "<group>"; };
		18B197E7299FB38B007439A0 /* FactData.swift */ = {isa = PBXFileReference; lastKnownFileType = sourcecode.swift; path = FactData.swift; sourceTree = "<group>"; };
		18E99FBD299CB30C00E22888 /* HeaderModel.swift */ = {isa = PBXFileReference; lastKnownFileType = sourcecode.swift; path = HeaderModel.swift; sourceTree = "<group>"; };
		18E99FBF299CB36500E22888 /* HeaderData.swift */ = {isa = PBXFileReference; lastKnownFileType = sourcecode.swift; path = HeaderData.swift; sourceTree = "<group>"; };
/* End PBXFileReference section */

/* Begin PBXFrameworksBuildPhase section */
		1826191E2998A4A700022543 /* Frameworks */ = {
			isa = PBXFrameworksBuildPhase;
			buildActionMask = 2147483647;
			files = (
			);
			runOnlyForDeploymentPostprocessing = 0;
		};
/* End PBXFrameworksBuildPhase section */

/* Begin PBXGroup section */
		182619182998A4A700022543 = {
			isa = PBXGroup;
			children = (
				182619232998A4A700022543 /* Avocados */,
				182619222998A4A700022543 /* Products */,
			);
			sourceTree = "<group>";
		};
		182619222998A4A700022543 /* Products */ = {
			isa = PBXGroup;
			children = (
				182619212998A4A700022543 /* Avocados.app */,
			);
			name = Products;
			sourceTree = "<group>";
		};
		182619232998A4A700022543 /* Avocados */ = {
			isa = PBXGroup;
			children = (
				182619352998ADB600022543 /* View */,
				182619342998ADB200022543 /* Model */,
				182619332998ADAE00022543 /* Data */,
				182619322998ABA200022543 /* Info.plist */,
				182619242998A4A700022543 /* AvocadosApp.swift */,
				182619282998A4A900022543 /* Assets.xcassets */,
				1826192A2998A4A900022543 /* Preview Content */,
			);
			path = Avocados;
			sourceTree = "<group>";
		};
		1826192A2998A4A900022543 /* Preview Content */ = {
			isa = PBXGroup;
			children = (
				1826192B2998A4A900022543 /* Preview Assets.xcassets */,
			);
			path = "Preview Content";
			sourceTree = "<group>";
		};
		182619332998ADAE00022543 /* Data */ = {
			isa = PBXGroup;
			children = (
				18E99FBF299CB36500E22888 /* HeaderData.swift */,
				18B197E7299FB38B007439A0 /* FactData.swift */,
			);
			path = Data;
			sourceTree = "<group>";
		};
		182619342998ADB200022543 /* Model */ = {
			isa = PBXGroup;
			children = (
				18E99FBD299CB30C00E22888 /* HeaderModel.swift */,
				18B197E5299FB35E007439A0 /* FactModel.swift */,
			);
			path = Model;
			sourceTree = "<group>";
		};
		182619352998ADB600022543 /* View */ = {
			isa = PBXGroup;
			children = (
				182619262998A4A700022543 /* ContentView.swift */,
				182619362998ADCB00022543 /* AvocadosView.swift */,
				182619382998ADE600022543 /* RipeningStagingView.swift */,
				1826193A2998ADF600022543 /* SettngsView.swift */,
				1826193C2998AE0100022543 /* AppView.swift */,
				18092FD7299BFA1800F3EB95 /* HeaderView.swift */,
				1831E7D8299E6D6B00FF80F3 /* DishesView.swift */,
				18B197E3299FAF5B007439A0 /* FactsView.swift */,
			);
			path = View;
			sourceTree = "<group>";
		};
/* End PBXGroup section */

/* Begin PBXNativeTarget section */
		182619202998A4A700022543 /* Avocados */ = {
			isa = PBXNativeTarget;
			buildConfigurationList = 1826192F2998A4A900022543 /* Build configuration list for PBXNativeTarget "Avocados" */;
			buildPhases = (
				1826191D2998A4A700022543 /* Sources */,
				1826191E2998A4A700022543 /* Frameworks */,
				1826191F2998A4A700022543 /* Resources */,
			);
			buildRules = (
			);
			dependencies = (
			);
			name = Avocados;
			productName = Avocados;
			productReference = 182619212998A4A700022543 /* Avocados.app */;
			productType = "com.apple.product-type.application";
		};
/* End PBXNativeTarget section */

/* Begin PBXProject section */
		182619192998A4A700022543 /* Project object */ = {
			isa = PBXProject;
			attributes = {
				BuildIndependentTargetsInParallel = 1;
				LastSwiftUpdateCheck = 1400;
				LastUpgradeCheck = 1400;
				TargetAttributes = {
					182619202998A4A700022543 = {
						CreatedOnToolsVersion = 14.0;
					};
				};
			};
			buildConfigurationList = 1826191C2998A4A700022543 /* Build configuration list for PBXProject "Avocados" */;
			compatibilityVersion = "Xcode 14.0";
			developmentRegion = en;
			hasScannedForEncodings = 0;
			knownRegions = (
				en,
				Base,
			);
			mainGroup = 182619182998A4A700022543;
			productRefGroup = 182619222998A4A700022543 /* Products */;
			projectDirPath = "";
			projectRoot = "";
			targets = (
				182619202998A4A700022543 /* Avocados */,
			);
		};
/* End PBXProject section */

/* Begin PBXResourcesBuildPhase section */
		1826191F2998A4A700022543 /* Resources */ = {
			isa = PBXResourcesBuildPhase;
			buildActionMask = 2147483647;
			files = (
				1826192C2998A4A900022543 /* Preview Assets.xcassets in Resources */,
				182619292998A4A900022543 /* Assets.xcassets in Resources */,
			);
			runOnlyForDeploymentPostprocessing = 0;
		};
/* End PBXResourcesBuildPhase section */

/* Begin PBXSourcesBuildPhase section */
		1826191D2998A4A700022543 /* Sources */ = {
			isa = PBXSourcesBuildPhase;
			buildActionMask = 2147483647;
			files = (
				182619392998ADE600022543 /* RipeningStagingView.swift in Sources */,
				182619272998A4A700022543 /* ContentView.swift in Sources */,
				1826193D2998AE0100022543 /* AppView.swift in Sources */,
				182619252998A4A700022543 /* AvocadosApp.swift in Sources */,
				182619372998ADCB00022543 /* AvocadosView.swift in Sources */,
				1826193B2998ADF600022543 /* SettngsView.swift in Sources */,
				18E99FBE299CB30C00E22888 /* HeaderModel.swift in Sources */,
				18E99FC0299CB36500E22888 /* HeaderData.swift in Sources */,
				1831E7D9299E6D6B00FF80F3 /* DishesView.swift in Sources */,
				18B197E6299FB35E007439A0 /* FactModel.swift in Sources */,
				18B197E4299FAF5B007439A0 /* FactsView.swift in Sources */,
				18092FD8299BFA1800F3EB95 /* HeaderView.swift in Sources */,
				18B197E8299FB38B007439A0 /* FactData.swift in Sources */,
			);
			runOnlyForDeploymentPostprocessing = 0;
		};
/* End PBXSourcesBuildPhase section */

/* Begin XCBuildConfiguration section */
		1826192D2998A4A900022543 /* Debug */ = {
			isa = XCBuildConfiguration;
			buildSettings = {
				ALWAYS_SEARCH_USER_PATHS = NO;
				CLANG_ANALYZER_NONNULL = YES;
				CLANG_ANALYZER_NUMBER_OBJECT_CONVERSION = YES_AGGRESSIVE;
				CLANG_CXX_LANGUAGE_STANDARD = "gnu++20";
				CLANG_ENABLE_MODULES = YES;
				CLANG_ENABLE_OBJC_ARC = YES;
				CLANG_ENABLE_OBJC_WEAK = YES;
				CLANG_WARN_BLOCK_CAPTURE_AUTORELEASING = YES;
				CLANG_WARN_BOOL_CONVERSION = YES;
				CLANG_WARN_COMMA = YES;
				CLANG_WARN_CONSTANT_CONVERSION = YES;
				CLANG_WARN_DEPRECATED_OBJC_IMPLEMENTATIONS = YES;
				CLANG_WARN_DIRECT_OBJC_ISA_USAGE = YES_ERROR;
				CLANG_WARN_DOCUMENTATION_COMMENTS = YES;
				CLANG_WARN_EMPTY_BODY = YES;
				CLANG_WARN_ENUM_CONVERSION = YES;
				CLANG_WARN_INFINITE_RECURSION = YES;
				CLANG_WARN_INT_CONVERSION = YES;
				CLANG_WARN_NON_LITERAL_NULL_CONVERSION = YES;
				CLANG_WARN_OBJC_IMPLICIT_RETAIN_SELF = YES;
				CLANG_WARN_OBJC_LITERAL_CONVERSION = YES;
				CLANG_WARN_OBJC_ROOT_CLASS = YES_ERROR;
				CLANG_WARN_QUOTED_INCLUDE_IN_FRAMEWORK_HEADER = YES;
				CLANG_WARN_RANGE_LOOP_ANALYSIS = YES;
				CLANG_WARN_STRICT_PROTOTYPES = YES;
				CLANG_WARN_SUSPICIOUS_MOVE = YES;
				CLANG_WARN_UNGUARDED_AVAILABILITY = YES_AGGRESSIVE;
				CLANG_WARN_UNREACHABLE_CODE = YES;
				CLANG_WARN__DUPLICATE_METHOD_MATCH = YES;
				COPY_PHASE_STRIP = NO;
				DEBUG_INFORMATION_FORMAT = dwarf;
				ENABLE_STRICT_OBJC_MSGSEND = YES;
				ENABLE_TESTABILITY = YES;
				GCC_C_LANGUAGE_STANDARD = gnu11;
				GCC_DYNAMIC_NO_PIC = NO;
				GCC_NO_COMMON_BLOCKS = YES;
				GCC_OPTIMIZATION_LEVEL = 0;
				GCC_PREPROCESSOR_DEFINITIONS = (
					"DEBUG=1",
					"$(inherited)",
				);
				GCC_WARN_64_TO_32_BIT_CONVERSION = YES;
				GCC_WARN_ABOUT_RETURN_TYPE = YES_ERROR;
				GCC_WARN_UNDECLARED_SELECTOR = YES;
				GCC_WARN_UNINITIALIZED_AUTOS = YES_AGGRESSIVE;
				GCC_WARN_UNUSED_FUNCTION = YES;
				GCC_WARN_UNUSED_VARIABLE = YES;
				IPHONEOS_DEPLOYMENT_TARGET = 16.0;
				MTL_ENABLE_DEBUG_INFO = INCLUDE_SOURCE;
				MTL_FAST_MATH = YES;
				ONLY_ACTIVE_ARCH = YES;
				SDKROOT = iphoneos;
				SWIFT_ACTIVE_COMPILATION_CONDITIONS = DEBUG;
				SWIFT_OPTIMIZATION_LEVEL = "-Onone";
			};
			name = Debug;
		};
		1826192E2998A4A900022543 /* Release */ = {
			isa = XCBuildConfiguration;
			buildSettings = {
				ALWAYS_SEARCH_USER_PATHS = NO;
				CLANG_ANALYZER_NONNULL = YES;
				CLANG_ANALYZER_NUMBER_OBJECT_CONVERSION = YES_AGGRESSIVE;
				CLANG_CXX_LANGUAGE_STANDARD = "gnu++20";
				CLANG_ENABLE_MODULES = YES;
				CLANG_ENABLE_OBJC_ARC = YES;
				CLANG_ENABLE_OBJC_WEAK = YES;
				CLANG_WARN_BLOCK_CAPTURE_AUTORELEASING = YES;
				CLANG_WARN_BOOL_CONVERSION = YES;
				CLANG_WARN_COMMA = YES;
				CLANG_WARN_CONSTANT_CONVERSION = YES;
				CLANG_WARN_DEPRECATED_OBJC_IMPLEMENTATIONS = YES;
				CLANG_WARN_DIRECT_OBJC_ISA_USAGE = YES_ERROR;
				CLANG_WARN_DOCUMENTATION_COMMENTS = YES;
				CLANG_WARN_EMPTY_BODY = YES;
				CLANG_WARN_ENUM_CONVERSION = YES;
				CLANG_WARN_INFINITE_RECURSION = YES;
				CLANG_WARN_INT_CONVERSION = YES;
				CLANG_WARN_NON_LITERAL_NULL_CONVERSION = YES;
				CLANG_WARN_OBJC_IMPLICIT_RETAIN_SELF = YES;
				CLANG_WARN_OBJC_LITERAL_CONVERSION = YES;
				CLANG_WARN_OBJC_ROOT_CLASS = YES_ERROR;
				CLANG_WARN_QUOTED_INCLUDE_IN_FRAMEWORK_HEADER = YES;
				CLANG_WARN_RANGE_LOOP_ANALYSIS = YES;
				CLANG_WARN_STRICT_PROTOTYPES = YES;
				CLANG_WARN_SUSPICIOUS_MOVE = YES;
				CLANG_WARN_UNGUARDED_AVAILABILITY = YES_AGGRESSIVE;
				CLANG_WARN_UNREACHABLE_CODE = YES;
				CLANG_WARN__DUPLICATE_METHOD_MATCH = YES;
				COPY_PHASE_STRIP = NO;
				DEBUG_INFORMATION_FORMAT = "dwarf-with-dsym";
				ENABLE_NS_ASSERTIONS = NO;
				ENABLE_STRICT_OBJC_MSGSEND = YES;
				GCC_C_LANGUAGE_STANDARD = gnu11;
				GCC_NO_COMMON_BLOCKS = YES;
				GCC_WARN_64_TO_32_BIT_CONVERSION = YES;
				GCC_WARN_ABOUT_RETURN_TYPE = YES_ERROR;
				GCC_WARN_UNDECLARED_SELECTOR = YES;
				GCC_WARN_UNINITIALIZED_AUTOS = YES_AGGRESSIVE;
				GCC_WARN_UNUSED_FUNCTION = YES;
				GCC_WARN_UNUSED_VARIABLE = YES;
				IPHONEOS_DEPLOYMENT_TARGET = 16.0;
				MTL_ENABLE_DEBUG_INFO = NO;
				MTL_FAST_MATH = YES;
				SDKROOT = iphoneos;
				SWIFT_COMPILATION_MODE = wholemodule;
				SWIFT_OPTIMIZATION_LEVEL = "-O";
				VALIDATE_PRODUCT = YES;
			};
			name = Release;
		};
		182619302998A4A900022543 /* Debug */ = {
			isa = XCBuildConfiguration;
			buildSettings = {
				ASSETCATALOG_COMPILER_APPICON_NAME = AppIcon;
				ASSETCATALOG_COMPILER_GLOBAL_ACCENT_COLOR_NAME = AccentColor;
				CODE_SIGN_STYLE = Automatic;
				CURRENT_PROJECT_VERSION = 1;
				DEVELOPMENT_ASSET_PATHS = "\"Avocados/Preview Content\"";
				DEVELOPMENT_TEAM = A8MY7W6Z5F;
				ENABLE_PREVIEWS = YES;
				GENERATE_INFOPLIST_FILE = YES;
				INFOPLIST_FILE = Avocados/Info.plist;
				INFOPLIST_KEY_UIApplicationSceneManifest_Generation = YES;
				INFOPLIST_KEY_UIApplicationSupportsIndirectInputEvents = YES;
				INFOPLIST_KEY_UISupportedInterfaceOrientations_iPad = "UIInterfaceOrientationPortrait UIInterfaceOrientationPortraitUpsideDown UIInterfaceOrientationLandscapeLeft UIInterfaceOrientationLandscapeRight";
				INFOPLIST_KEY_UISupportedInterfaceOrientations_iPhone = "UIInterfaceOrientationPortrait UIInterfaceOrientationLandscapeLeft UIInterfaceOrientationLandscapeRight";
				LD_RUNPATH_SEARCH_PATHS = (
					"$(inherited)",
					"@executable_path/Frameworks",
				);
				MARKETING_VERSION = 1.0;
				PRODUCT_BUNDLE_IDENTIFIER = com.GS.L.Avocados;
				PRODUCT_NAME = "$(TARGET_NAME)";
				SWIFT_EMIT_LOC_STRINGS = YES;
				SWIFT_VERSION = 5.0;
				TARGETED_DEVICE_FAMILY = "1,2";
			};
			name = Debug;
		};
		182619312998A4A900022543 /* Release */ = {
			isa = XCBuildConfiguration;
			buildSettings = {
				ASSETCATALOG_COMPILER_APPICON_NAME = AppIcon;
				ASSETCATALOG_COMPILER_GLOBAL_ACCENT_COLOR_NAME = AccentColor;
				CODE_SIGN_STYLE = Automatic;
				CURRENT_PROJECT_VERSION = 1;
				DEVELOPMENT_ASSET_PATHS = "\"Avocados/Preview Content\"";
				DEVELOPMENT_TEAM = A8MY7W6Z5F;
				ENABLE_PREVIEWS = YES;
				GENERATE_INFOPLIST_FILE = YES;
				INFOPLIST_FILE = Avocados/Info.plist;
				INFOPLIST_KEY_UIApplicationSceneManifest_Generation = YES;
				INFOPLIST_KEY_UIApplicationSupportsIndirectInputEvents = YES;
				INFOPLIST_KEY_UISupportedInterfaceOrientations_iPad = "UIInterfaceOrientationPortrait UIInterfaceOrientationPortraitUpsideDown UIInterfaceOrientationLandscapeLeft UIInterfaceOrientationLandscapeRight";
				INFOPLIST_KEY_UISupportedInterfaceOrientations_iPhone = "UIInterfaceOrientationPortrait UIInterfaceOrientationLandscapeLeft UIInterfaceOrientationLandscapeRight";
				LD_RUNPATH_SEARCH_PATHS = (
					"$(inherited)",
					"@executable_path/Frameworks",
				);
				MARKETING_VERSION = 1.0;
				PRODUCT_BUNDLE_IDENTIFIER = com.GS.L.Avocados;
				PRODUCT_NAME = "$(TARGET_NAME)";
				SWIFT_EMIT_LOC_STRINGS = YES;
				SWIFT_VERSION = 5.0;
				TARGETED_DEVICE_FAMILY = "1,2";
			};
			name = Release;
		};
/* End XCBuildConfiguration section */

/* Begin XCConfigurationList section */
		1826191C2998A4A700022543 /* Build configuration list for PBXProject "Avocados" */ = {
			isa = XCConfigurationList;
			buildConfigurations = (
				1826192D2998A4A900022543 /* Debug */,
				1826192E2998A4A900022543 /* Release */,
			);
			defaultConfigurationIsVisible = 0;
			defaultConfigurationName = Release;
		};
		1826192F2998A4A900022543 /* Build configuration list for PBXNativeTarget "Avocados" */ = {
			isa = XCConfigurationList;
			buildConfigurations = (
				182619302998A4A900022543 /* Debug */,
				182619312998A4A900022543 /* Release */,
			);
			defaultConfigurationIsVisible = 0;
			defaultConfigurationName = Release;
		};
/* End XCConfigurationList section */
	};
	rootObject = 182619192998A4A700022543 /* Project object */;
}
